
Microsoft Visual Studio Solution File, Format Version 12.00
# Visual Studio Version 17
VisualStudioVersion = 17.1.32228.430
MinimumVisualStudioVersion = 10.0.40219.1
Project("{8BC9CEB8-8B4A-11D0-8D11-00A0C91BC942}") = "Lab03", "Lab03\Lab03.vcxproj", "{F6528558-7EF9-430E-B9A1-5F46D02FC29B}"
EndProject
Global
	GlobalSection(SolutionConfigurationPlatforms) = preSolution
		Debug|x64 = Debug|x64
		Debug|x86 = Debug|x86
		Release|x64 = Release|x64
		Release|x86 = Release|x86
	EndGlobalSection
	GlobalSection(ProjectConfigurationPlatforms) = postSolution
		{F6528558-7EF9-430E-B9A1-5F46D02FC29B}.Debug|x64.ActiveCfg = Debug|x64
		{F6528558-7EF9-430E-B9A1-5F46D02FC29B}.Debug|x64.Build.0 = Debug|x64
		{F6528558-7EF9-430E-B9A1-5F46D02FC29B}.Debug|x86.ActiveCfg = Debug|Win32
		{F6528558-7EF9-430E-B9A1-5F46D02FC29B}.Debug|x86.Build.0 = Debug|Win32
		{F6528558-7EF9-430E-B9A1-5F46D02FC29B}.Release|x64.ActiveCfg = Release|x64
		{F6528558-7EF9-430E-B9A1-5F46D02FC29B}.Release|x64.Build.0 = Release|x64
		{F6528558-7EF9-430E-B9A1-5F46D02FC29B}.Release|x86.ActiveCfg = Release|Win32
		{F6528558-7EF9-430E-B9A1-5F46D02FC29B}.Release|x86.Build.0 = Release|Win32
	EndGlobalSection
	GlobalSection(SolutionProperties) = preSolution
		HideSolutionNode = FALSE
	EndGlobalSection
	GlobalSection(ExtensibilityGlobals) = postSolution
		SolutionGuid = {8C6D022F-09C1-4C59-9B7C-100985C435D2}
	EndGlobalSection
EndGlobal
